// !$*UTF8*$!
{
	archiveVersion = 1;
	classes = {
	};
	objectVersion = 56;
	objects = {

/* Begin PBXBuildFile section */
		8A10D64629D85CB3006F7941 /* SwiftKeychainWrapper in Frameworks */ = {isa = PBXBuildFile; productRef = 8A10D64529D85CB3006F7941 /* SwiftKeychainWrapper */; };
		8A1DC43229BBACCC00F11229 /* ProgressHUD in Frameworks */ = {isa = PBXBuildFile; productRef = 8A1DC43129BBACCC00F11229 /* ProgressHUD */; };
		8A509F5229BF88AD0009816C /* UIBlockingProgressHUD.swift in Sources */ = {isa = PBXBuildFile; fileRef = 8A509F5129BF88AD0009816C /* UIBlockingProgressHUD.swift */; };
		8A509F5429BF90680009816C /* ProfileService.swift in Sources */ = {isa = PBXBuildFile; fileRef = 8A509F5329BF90680009816C /* ProfileService.swift */; };
		8A5DF45329A8D5BC004DB54F /* AuthConfiguration.swift in Sources */ = {isa = PBXBuildFile; fileRef = 8A5DF45229A8D5BC004DB54F /* AuthConfiguration.swift */; };
		8A5EF8B829D9E2FB00EF5A03 /* TabBarController.swift in Sources */ = {isa = PBXBuildFile; fileRef = 8A5EF8B729D9E2FB00EF5A03 /* TabBarController.swift */; };
		8A8420E32984340F0061175C /* ImagesListCell.swift in Sources */ = {isa = PBXBuildFile; fileRef = 8A8420E22984340F0061175C /* ImagesListCell.swift */; };
		8A8DEC4D2994048B00A7496B /* SingleImageViewController.swift in Sources */ = {isa = PBXBuildFile; fileRef = 8A8DEC4C2994048B00A7496B /* SingleImageViewController.swift */; };
		8AABA78529D4A9F8000EC8D1 /* Kingfisher in Frameworks */ = {isa = PBXBuildFile; productRef = 8AABA78429D4A9F8000EC8D1 /* Kingfisher */; };
		8AC362612A2F672400DD1B48 /* AuthHelper.swift in Sources */ = {isa = PBXBuildFile; fileRef = 8AC362602A2F672400DD1B48 /* AuthHelper.swift */; };
		8AC3E4D9298FF9D70013D321 /* ProfileViewController.swift in Sources */ = {isa = PBXBuildFile; fileRef = 8AC3E4D8298FF9D70013D321 /* ProfileViewController.swift */; };
		8AD11FED2A2A6F8700B2F1E6 /* WebViewPresenter.swift in Sources */ = {isa = PBXBuildFile; fileRef = 8AD11FEC2A2A6F8700B2F1E6 /* WebViewPresenter.swift */; };
		8ADD21C829B490DC00615EA7 /* OAuth2Service.swift in Sources */ = {isa = PBXBuildFile; fileRef = 8ADD21C729B490DC00615EA7 /* OAuth2Service.swift */; };
		8ADD21CB29B4AF6900615EA7 /* OAuth2TokenStorage.swift in Sources */ = {isa = PBXBuildFile; fileRef = 8ADD21CA29B4AF6900615EA7 /* OAuth2TokenStorage.swift */; };
		8ADD21CE29B4F13B00615EA7 /* SplashViewController.swift in Sources */ = {isa = PBXBuildFile; fileRef = 8ADD21CD29B4F13B00615EA7 /* SplashViewController.swift */; };
		8ADE9FFC297AFC2D00B7778B /* UIColor+Extensions.swift in Sources */ = {isa = PBXBuildFile; fileRef = 8ADE9FFB297AFC2D00B7778B /* UIColor+Extensions.swift */; };
		8ADF347129CA17E600BF7A3F /* ProfileImageService.swift in Sources */ = {isa = PBXBuildFile; fileRef = 8ADF347029CA17E600BF7A3F /* ProfileImageService.swift */; };
		8AE2939829DE09A800014214 /* ImagesListService.swift in Sources */ = {isa = PBXBuildFile; fileRef = 8AE2939729DE09A800014214 /* ImagesListService.swift */; };
		8AEB3C8C29A9118500CEC1CA /* AuthViewController.swift in Sources */ = {isa = PBXBuildFile; fileRef = 8AEB3C8B29A9118500CEC1CA /* AuthViewController.swift */; };
		8AEB3C8F29A912AE00CEC1CA /* WebViewViewController.swift in Sources */ = {isa = PBXBuildFile; fileRef = 8AEB3C8E29A912AE00CEC1CA /* WebViewViewController.swift */; };
		8AFCF5A029D0A58800F8D02D /* NetworkClient.swift in Sources */ = {isa = PBXBuildFile; fileRef = 8AFCF59F29D0A58800F8D02D /* NetworkClient.swift */; };
		8AFF616129796D3F00AC7D1E /* AppDelegate.swift in Sources */ = {isa = PBXBuildFile; fileRef = 8AFF616029796D3F00AC7D1E /* AppDelegate.swift */; };
		8AFF616329796D3F00AC7D1E /* SceneDelegate.swift in Sources */ = {isa = PBXBuildFile; fileRef = 8AFF616229796D3F00AC7D1E /* SceneDelegate.swift */; };
		8AFF616529796D3F00AC7D1E /* ImagesListViewController.swift in Sources */ = {isa = PBXBuildFile; fileRef = 8AFF616429796D3F00AC7D1E /* ImagesListViewController.swift */; };
		8AFF616829796D3F00AC7D1E /* Main.storyboard in Resources */ = {isa = PBXBuildFile; fileRef = 8AFF616629796D3F00AC7D1E /* Main.storyboard */; };
		8AFF616A29796D4000AC7D1E /* Assets.xcassets in Resources */ = {isa = PBXBuildFile; fileRef = 8AFF616929796D4000AC7D1E /* Assets.xcassets */; };
		8AFF616D29796D4000AC7D1E /* LaunchScreen.storyboard in Resources */ = {isa = PBXBuildFile; fileRef = 8AFF616B29796D4000AC7D1E /* LaunchScreen.storyboard */; };
/* End PBXBuildFile section */

/* Begin PBXContainerItemProxy section */
		8A25387029DF2976002E6E44 /* PBXContainerItemProxy */ = {
			isa = PBXContainerItemProxy;
			containerPortal = 8AFF615529796D3F00AC7D1E /* Project object */;
			proxyType = 1;
			remoteGlobalIDString = 8AFF615C29796D3F00AC7D1E;
			remoteInfo = ImageFeed;
		};
/* End PBXContainerItemProxy section */

/* Begin PBXFileReference section */
		8A25386C29DF2976002E6E44 /* ImageFeedTests.xctest */ = {isa = PBXFileReference; explicitFileType = wrapper.cfbundle; includeInIndex = 0; path = ImageFeedTests.xctest; sourceTree = BUILT_PRODUCTS_DIR; };
		8A509F5129BF88AD0009816C /* UIBlockingProgressHUD.swift */ = {isa = PBXFileReference; lastKnownFileType = sourcecode.swift; path = UIBlockingProgressHUD.swift; sourceTree = "<group>"; };
		8A509F5329BF90680009816C /* ProfileService.swift */ = {isa = PBXFileReference; lastKnownFileType = sourcecode.swift; path = ProfileService.swift; sourceTree = "<group>"; };
		8A5DF45229A8D5BC004DB54F /* AuthConfiguration.swift */ = {isa = PBXFileReference; lastKnownFileType = sourcecode.swift; path = AuthConfiguration.swift; sourceTree = "<group>"; };
		8A5EF8B729D9E2FB00EF5A03 /* TabBarController.swift */ = {isa = PBXFileReference; lastKnownFileType = sourcecode.swift; path = TabBarController.swift; sourceTree = "<group>"; };
		8A8420E22984340F0061175C /* ImagesListCell.swift */ = {isa = PBXFileReference; lastKnownFileType = sourcecode.swift; path = ImagesListCell.swift; sourceTree = "<group>"; };
		8A8DEC4C2994048B00A7496B /* SingleImageViewController.swift */ = {isa = PBXFileReference; lastKnownFileType = sourcecode.swift; path = SingleImageViewController.swift; sourceTree = "<group>"; };
		8AC362602A2F672400DD1B48 /* AuthHelper.swift */ = {isa = PBXFileReference; lastKnownFileType = sourcecode.swift; path = AuthHelper.swift; sourceTree = "<group>"; };
		8AC3E4D8298FF9D70013D321 /* ProfileViewController.swift */ = {isa = PBXFileReference; lastKnownFileType = sourcecode.swift; path = ProfileViewController.swift; sourceTree = "<group>"; };
		8AD11FEC2A2A6F8700B2F1E6 /* WebViewPresenter.swift */ = {isa = PBXFileReference; lastKnownFileType = sourcecode.swift; path = WebViewPresenter.swift; sourceTree = "<group>"; };
		8ADD21C729B490DC00615EA7 /* OAuth2Service.swift */ = {isa = PBXFileReference; lastKnownFileType = sourcecode.swift; path = OAuth2Service.swift; sourceTree = "<group>"; };
		8ADD21CA29B4AF6900615EA7 /* OAuth2TokenStorage.swift */ = {isa = PBXFileReference; lastKnownFileType = sourcecode.swift; path = OAuth2TokenStorage.swift; sourceTree = "<group>"; };
		8ADD21CD29B4F13B00615EA7 /* SplashViewController.swift */ = {isa = PBXFileReference; lastKnownFileType = sourcecode.swift; path = SplashViewController.swift; sourceTree = "<group>"; };
		8ADE9FFB297AFC2D00B7778B /* UIColor+Extensions.swift */ = {isa = PBXFileReference; lastKnownFileType = sourcecode.swift; path = "UIColor+Extensions.swift"; sourceTree = "<group>"; };
		8ADF347029CA17E600BF7A3F /* ProfileImageService.swift */ = {isa = PBXFileReference; lastKnownFileType = sourcecode.swift; path = ProfileImageService.swift; sourceTree = "<group>"; };
		8AE2939729DE09A800014214 /* ImagesListService.swift */ = {isa = PBXFileReference; lastKnownFileType = sourcecode.swift; path = ImagesListService.swift; sourceTree = "<group>"; };
		8AEB3C8B29A9118500CEC1CA /* AuthViewController.swift */ = {isa = PBXFileReference; lastKnownFileType = sourcecode.swift; path = AuthViewController.swift; sourceTree = "<group>"; };
		8AEB3C8E29A912AE00CEC1CA /* WebViewViewController.swift */ = {isa = PBXFileReference; lastKnownFileType = sourcecode.swift; path = WebViewViewController.swift; sourceTree = "<group>"; };
		8AFCF59F29D0A58800F8D02D /* NetworkClient.swift */ = {isa = PBXFileReference; lastKnownFileType = sourcecode.swift; path = NetworkClient.swift; sourceTree = "<group>"; };
		8AFF615D29796D3F00AC7D1E /* ImageFeed.app */ = {isa = PBXFileReference; explicitFileType = wrapper.application; includeInIndex = 0; path = ImageFeed.app; sourceTree = BUILT_PRODUCTS_DIR; };
		8AFF616029796D3F00AC7D1E /* AppDelegate.swift */ = {isa = PBXFileReference; lastKnownFileType = sourcecode.swift; path = AppDelegate.swift; sourceTree = "<group>"; };
		8AFF616229796D3F00AC7D1E /* SceneDelegate.swift */ = {isa = PBXFileReference; lastKnownFileType = sourcecode.swift; path = SceneDelegate.swift; sourceTree = "<group>"; };
		8AFF616429796D3F00AC7D1E /* ImagesListViewController.swift */ = {isa = PBXFileReference; lastKnownFileType = sourcecode.swift; path = ImagesListViewController.swift; sourceTree = "<group>"; };
		8AFF616729796D3F00AC7D1E /* Base */ = {isa = PBXFileReference; lastKnownFileType = file.storyboard; name = Base; path = Base.lproj/Main.storyboard; sourceTree = "<group>"; };
		8AFF616929796D4000AC7D1E /* Assets.xcassets */ = {isa = PBXFileReference; lastKnownFileType = folder.assetcatalog; path = Assets.xcassets; sourceTree = "<group>"; };
		8AFF616C29796D4000AC7D1E /* Base */ = {isa = PBXFileReference; lastKnownFileType = file.storyboard; name = Base; path = Base.lproj/LaunchScreen.storyboard; sourceTree = "<group>"; };
		8AFF616E29796D4000AC7D1E /* Info.plist */ = {isa = PBXFileReference; lastKnownFileType = text.plist.xml; path = Info.plist; sourceTree = "<group>"; };
/* End PBXFileReference section */

/* Begin PBXFrameworksBuildPhase section */
		8A25386929DF2976002E6E44 /* Frameworks */ = {
			isa = PBXFrameworksBuildPhase;
			buildActionMask = 2147483647;
			files = (
			);
			runOnlyForDeploymentPostprocessing = 0;
		};
		8AFF615A29796D3F00AC7D1E /* Frameworks */ = {
			isa = PBXFrameworksBuildPhase;
			buildActionMask = 2147483647;
			files = (
				8AABA78529D4A9F8000EC8D1 /* Kingfisher in Frameworks */,
				8A1DC43229BBACCC00F11229 /* ProgressHUD in Frameworks */,
				8A10D64629D85CB3006F7941 /* SwiftKeychainWrapper in Frameworks */,
			);
			runOnlyForDeploymentPostprocessing = 0;
		};
/* End PBXFrameworksBuildPhase section */

/* Begin PBXGroup section */
		8A8420E42984346D0061175C /* ImagesList */ = {
			isa = PBXGroup;
			children = (
				8AFF616429796D3F00AC7D1E /* ImagesListViewController.swift */,
				8A8420E22984340F0061175C /* ImagesListCell.swift */,
				8AE2939729DE09A800014214 /* ImagesListService.swift */,
			);
			path = ImagesList;
			sourceTree = "<group>";
		};
		8A92424D29A3D73E0037D458 /* SingleImage */ = {
			isa = PBXGroup;
			children = (
				8A8DEC4C2994048B00A7496B /* SingleImageViewController.swift */,
			);
			path = SingleImage;
			sourceTree = "<group>";
		};
		8AC3E4D7298FF9BE0013D321 /* Profile */ = {
			isa = PBXGroup;
			children = (
				8AC3E4D8298FF9D70013D321 /* ProfileViewController.swift */,
				8A509F5329BF90680009816C /* ProfileService.swift */,
				8ADF347029CA17E600BF7A3F /* ProfileImageService.swift */,
			);
			path = Profile;
			sourceTree = "<group>";
		};
		8ADD21C929B4931500615EA7 /* ServiceAccessLayer */ = {
			isa = PBXGroup;
			children = (
				8ADD21C729B490DC00615EA7 /* OAuth2Service.swift */,
				8ADD21CA29B4AF6900615EA7 /* OAuth2TokenStorage.swift */,
			);
			path = ServiceAccessLayer;
			sourceTree = "<group>";
		};
		8ADD21CC29B4F12300615EA7 /* SplashViewController */ = {
			isa = PBXGroup;
			children = (
				8ADD21CD29B4F13B00615EA7 /* SplashViewController.swift */,
			);
			path = SplashViewController;
			sourceTree = "<group>";
		};
		8ADE9FFA297AFBD000B7778B /* Helpers */ = {
			isa = PBXGroup;
			children = (
				8ADE9FFB297AFC2D00B7778B /* UIColor+Extensions.swift */,
				8A509F5129BF88AD0009816C /* UIBlockingProgressHUD.swift */,
				8AC362602A2F672400DD1B48 /* AuthHelper.swift */,
			);
			path = Helpers;
			sourceTree = "<group>";
		};
		8AEB3C8D29A9118C00CEC1CA /* Auth */ = {
			isa = PBXGroup;
			children = (
				8AEB3C8B29A9118500CEC1CA /* AuthViewController.swift */,
				8AEB3C8E29A912AE00CEC1CA /* WebViewViewController.swift */,
				8AD11FEC2A2A6F8700B2F1E6 /* WebViewPresenter.swift */,
			);
			path = Auth;
			sourceTree = "<group>";
		};
		8AFF615429796D3F00AC7D1E = {
			isa = PBXGroup;
			children = (
				8AFF615F29796D3F00AC7D1E /* ImageFeed */,
				8AFF615E29796D3F00AC7D1E /* Products */,
			);
			sourceTree = "<group>";
		};
		8AFF615E29796D3F00AC7D1E /* Products */ = {
			isa = PBXGroup;
			children = (
				8AFF615D29796D3F00AC7D1E /* ImageFeed.app */,
				8A25386C29DF2976002E6E44 /* ImageFeedTests.xctest */,
			);
			name = Products;
			sourceTree = "<group>";
		};
		8AFF615F29796D3F00AC7D1E /* ImageFeed */ = {
			isa = PBXGroup;
			children = (
				8AFF616029796D3F00AC7D1E /* AppDelegate.swift */,
				8AFF616229796D3F00AC7D1E /* SceneDelegate.swift */,
				8A5DF45229A8D5BC004DB54F /* AuthConfiguration.swift */,
				8AFCF59F29D0A58800F8D02D /* NetworkClient.swift */,
				8A5EF8B729D9E2FB00EF5A03 /* TabBarController.swift */,
				8ADD21CC29B4F12300615EA7 /* SplashViewController */,
				8ADD21C929B4931500615EA7 /* ServiceAccessLayer */,
				8AEB3C8D29A9118C00CEC1CA /* Auth */,
				8AC3E4D7298FF9BE0013D321 /* Profile */,
				8A8420E42984346D0061175C /* ImagesList */,
				8A92424D29A3D73E0037D458 /* SingleImage */,
				8ADE9FFA297AFBD000B7778B /* Helpers */,
				8AFF616629796D3F00AC7D1E /* Main.storyboard */,
				8AFF616929796D4000AC7D1E /* Assets.xcassets */,
				8AFF616B29796D4000AC7D1E /* LaunchScreen.storyboard */,
				8AFF616E29796D4000AC7D1E /* Info.plist */,
			);
			path = ImageFeed;
			sourceTree = "<group>";
		};
/* End PBXGroup section */

/* Begin PBXNativeTarget section */
		8A25386B29DF2976002E6E44 /* ImageFeedTests */ = {
			isa = PBXNativeTarget;
			buildConfigurationList = 8A25387229DF2976002E6E44 /* Build configuration list for PBXNativeTarget "ImageFeedTests" */;
			buildPhases = (
				8A25386829DF2976002E6E44 /* Sources */,
				8A25386929DF2976002E6E44 /* Frameworks */,
				8A25386A29DF2976002E6E44 /* Resources */,
			);
			buildRules = (
			);
			dependencies = (
				8A25387129DF2976002E6E44 /* PBXTargetDependency */,
			);
			name = ImageFeedTests;
			productName = ImageFeedTests;
			productReference = 8A25386C29DF2976002E6E44 /* ImageFeedTests.xctest */;
			productType = "com.apple.product-type.bundle.unit-test";
		};
		8AFF615C29796D3F00AC7D1E /* ImageFeed */ = {
			isa = PBXNativeTarget;
			buildConfigurationList = 8AFF617129796D4000AC7D1E /* Build configuration list for PBXNativeTarget "ImageFeed" */;
			buildPhases = (
				8AFF615929796D3F00AC7D1E /* Sources */,
				8AFF615A29796D3F00AC7D1E /* Frameworks */,
				8AFF615B29796D3F00AC7D1E /* Resources */,
			);
			buildRules = (
			);
			dependencies = (
			);
			name = ImageFeed;
			packageProductDependencies = (
				8A1DC43129BBACCC00F11229 /* ProgressHUD */,
				8AABA78429D4A9F8000EC8D1 /* Kingfisher */,
				8A10D64529D85CB3006F7941 /* SwiftKeychainWrapper */,
			);
			productName = ImageFeed;
			productReference = 8AFF615D29796D3F00AC7D1E /* ImageFeed.app */;
			productType = "com.apple.product-type.application";
		};
/* End PBXNativeTarget section */

/* Begin PBXProject section */
		8AFF615529796D3F00AC7D1E /* Project object */ = {
			isa = PBXProject;
			attributes = {
				BuildIndependentTargetsInParallel = 1;
				LastSwiftUpdateCheck = 1420;
				LastUpgradeCheck = 1420;
				TargetAttributes = {
					8A25386B29DF2976002E6E44 = {
						CreatedOnToolsVersion = 14.2;
						TestTargetID = 8AFF615C29796D3F00AC7D1E;
					};
					8AFF615C29796D3F00AC7D1E = {
						CreatedOnToolsVersion = 14.2;
					};
				};
			};
			buildConfigurationList = 8AFF615829796D3F00AC7D1E /* Build configuration list for PBXProject "ImageFeed" */;
			compatibilityVersion = "Xcode 14.0";
			developmentRegion = en;
			hasScannedForEncodings = 0;
			knownRegions = (
				en,
				Base,
			);
			mainGroup = 8AFF615429796D3F00AC7D1E;
			packageReferences = (
				8A1DC43029BBACCC00F11229 /* XCRemoteSwiftPackageReference "ProgressHUD" */,
				8AABA78329D4A9F8000EC8D1 /* XCRemoteSwiftPackageReference "Kingfisher" */,
				8A10D64429D85CB3006F7941 /* XCRemoteSwiftPackageReference "SwiftKeychainWrapper" */,
			);
			productRefGroup = 8AFF615E29796D3F00AC7D1E /* Products */;
			projectDirPath = "";
			projectRoot = "";
			targets = (
				8AFF615C29796D3F00AC7D1E /* ImageFeed */,
				8A25386B29DF2976002E6E44 /* ImageFeedTests */,
			);
		};
/* End PBXProject section */

/* Begin PBXResourcesBuildPhase section */
		8A25386A29DF2976002E6E44 /* Resources */ = {
			isa = PBXResourcesBuildPhase;
			buildActionMask = 2147483647;
			files = (
			);
			runOnlyForDeploymentPostprocessing = 0;
		};
		8AFF615B29796D3F00AC7D1E /* Resources */ = {
			isa = PBXResourcesBuildPhase;
			buildActionMask = 2147483647;
			files = (
				8AFF616D29796D4000AC7D1E /* LaunchScreen.storyboard in Resources */,
				8AFF616A29796D4000AC7D1E /* Assets.xcassets in Resources */,
				8AFF616829796D3F00AC7D1E /* Main.storyboard in Resources */,
			);
			runOnlyForDeploymentPostprocessing = 0;
		};
/* End PBXResourcesBuildPhase section */

/* Begin PBXSourcesBuildPhase section */
		8A25386829DF2976002E6E44 /* Sources */ = {
			isa = PBXSourcesBuildPhase;
			buildActionMask = 2147483647;
			files = (
			);
			runOnlyForDeploymentPostprocessing = 0;
		};
		8AFF615929796D3F00AC7D1E /* Sources */ = {
			isa = PBXSourcesBuildPhase;
			buildActionMask = 2147483647;
			files = (
				8ADD21CB29B4AF6900615EA7 /* OAuth2TokenStorage.swift in Sources */,
				8AC3E4D9298FF9D70013D321 /* ProfileViewController.swift in Sources */,
				8AFF616529796D3F00AC7D1E /* ImagesListViewController.swift in Sources */,
				8A5EF8B829D9E2FB00EF5A03 /* TabBarController.swift in Sources */,
				8AFF616129796D3F00AC7D1E /* AppDelegate.swift in Sources */,
				8AC362612A2F672400DD1B48 /* AuthHelper.swift in Sources */,
				8AEB3C8F29A912AE00CEC1CA /* WebViewViewController.swift in Sources */,
				8ADD21C829B490DC00615EA7 /* OAuth2Service.swift in Sources */,
				8ADD21CE29B4F13B00615EA7 /* SplashViewController.swift in Sources */,
				8A8DEC4D2994048B00A7496B /* SingleImageViewController.swift in Sources */,
				8AFCF5A029D0A58800F8D02D /* NetworkClient.swift in Sources */,
				8AD11FED2A2A6F8700B2F1E6 /* WebViewPresenter.swift in Sources */,
				8A8420E32984340F0061175C /* ImagesListCell.swift in Sources */,
				8ADF347129CA17E600BF7A3F /* ProfileImageService.swift in Sources */,
				8AFF616329796D3F00AC7D1E /* SceneDelegate.swift in Sources */,
				8ADE9FFC297AFC2D00B7778B /* UIColor+Extensions.swift in Sources */,
				8AE2939829DE09A800014214 /* ImagesListService.swift in Sources */,
				8AEB3C8C29A9118500CEC1CA /* AuthViewController.swift in Sources */,
				8A5DF45329A8D5BC004DB54F /* AuthConfiguration.swift in Sources */,
				8A509F5229BF88AD0009816C /* UIBlockingProgressHUD.swift in Sources */,
				8A509F5429BF90680009816C /* ProfileService.swift in Sources */,
			);
			runOnlyForDeploymentPostprocessing = 0;
		};
/* End PBXSourcesBuildPhase section */

/* Begin PBXTargetDependency section */
		8A25387129DF2976002E6E44 /* PBXTargetDependency */ = {
			isa = PBXTargetDependency;
			target = 8AFF615C29796D3F00AC7D1E /* ImageFeed */;
			targetProxy = 8A25387029DF2976002E6E44 /* PBXContainerItemProxy */;
		};
/* End PBXTargetDependency section */

/* Begin PBXVariantGroup section */
		8AFF616629796D3F00AC7D1E /* Main.storyboard */ = {
			isa = PBXVariantGroup;
			children = (
				8AFF616729796D3F00AC7D1E /* Base */,
			);
			name = Main.storyboard;
			sourceTree = "<group>";
		};
		8AFF616B29796D4000AC7D1E /* LaunchScreen.storyboard */ = {
			isa = PBXVariantGroup;
			children = (
				8AFF616C29796D4000AC7D1E /* Base */,
			);
			name = LaunchScreen.storyboard;
			sourceTree = "<group>";
		};
/* End PBXVariantGroup section */

/* Begin XCBuildConfiguration section */
		8A25387329DF2976002E6E44 /* Debug */ = {
			isa = XCBuildConfiguration;
			buildSettings = {
				BUNDLE_LOADER = "$(TEST_HOST)";
				CODE_SIGN_STYLE = Automatic;
				CURRENT_PROJECT_VERSION = 1;
				DEVELOPMENT_TEAM = YS4L7AMD5B;
				GENERATE_INFOPLIST_FILE = YES;
				IPHONEOS_DEPLOYMENT_TARGET = 16.2;
				MARKETING_VERSION = 1.0;
				PRODUCT_BUNDLE_IDENTIFIER = ru.artemadiev.ImageFeedTests;
				PRODUCT_NAME = "$(TARGET_NAME)";
				SWIFT_EMIT_LOC_STRINGS = NO;
				SWIFT_VERSION = 5.0;
				TARGETED_DEVICE_FAMILY = "1,2";
				TEST_HOST = "$(BUILT_PRODUCTS_DIR)/ImageFeed.app/$(BUNDLE_EXECUTABLE_FOLDER_PATH)/ImageFeed";
			};
			name = Debug;
		};
		8A25387429DF2976002E6E44 /* Release */ = {
			isa = XCBuildConfiguration;
			buildSettings = {
				BUNDLE_LOADER = "$(TEST_HOST)";
				CODE_SIGN_STYLE = Automatic;
				CURRENT_PROJECT_VERSION = 1;
				DEVELOPMENT_TEAM = YS4L7AMD5B;
				GENERATE_INFOPLIST_FILE = YES;
				IPHONEOS_DEPLOYMENT_TARGET = 16.2;
				MARKETING_VERSION = 1.0;
				PRODUCT_BUNDLE_IDENTIFIER = ru.artemadiev.ImageFeedTests;
				PRODUCT_NAME = "$(TARGET_NAME)";
				SWIFT_EMIT_LOC_STRINGS = NO;
				SWIFT_VERSION = 5.0;
				TARGETED_DEVICE_FAMILY = "1,2";
				TEST_HOST = "$(BUILT_PRODUCTS_DIR)/ImageFeed.app/$(BUNDLE_EXECUTABLE_FOLDER_PATH)/ImageFeed";
			};
			name = Release;
		};
		8AFF616F29796D4000AC7D1E /* Debug */ = {
			isa = XCBuildConfiguration;
			buildSettings = {
				ALWAYS_SEARCH_USER_PATHS = NO;
				CLANG_ANALYZER_NONNULL = YES;
				CLANG_ANALYZER_NUMBER_OBJECT_CONVERSION = YES_AGGRESSIVE;
				CLANG_CXX_LANGUAGE_STANDARD = "gnu++20";
				CLANG_ENABLE_MODULES = YES;
				CLANG_ENABLE_OBJC_ARC = YES;
				CLANG_ENABLE_OBJC_WEAK = YES;
				CLANG_WARN_BLOCK_CAPTURE_AUTORELEASING = YES;
				CLANG_WARN_BOOL_CONVERSION = YES;
				CLANG_WARN_COMMA = YES;
				CLANG_WARN_CONSTANT_CONVERSION = YES;
				CLANG_WARN_DEPRECATED_OBJC_IMPLEMENTATIONS = YES;
				CLANG_WARN_DIRECT_OBJC_ISA_USAGE = YES_ERROR;
				CLANG_WARN_DOCUMENTATION_COMMENTS = YES;
				CLANG_WARN_EMPTY_BODY = YES;
				CLANG_WARN_ENUM_CONVERSION = YES;
				CLANG_WARN_INFINITE_RECURSION = YES;
				CLANG_WARN_INT_CONVERSION = YES;
				CLANG_WARN_NON_LITERAL_NULL_CONVERSION = YES;
				CLANG_WARN_OBJC_IMPLICIT_RETAIN_SELF = YES;
				CLANG_WARN_OBJC_LITERAL_CONVERSION = YES;
				CLANG_WARN_OBJC_ROOT_CLASS = YES_ERROR;
				CLANG_WARN_QUOTED_INCLUDE_IN_FRAMEWORK_HEADER = YES;
				CLANG_WARN_RANGE_LOOP_ANALYSIS = YES;
				CLANG_WARN_STRICT_PROTOTYPES = YES;
				CLANG_WARN_SUSPICIOUS_MOVE = YES;
				CLANG_WARN_UNGUARDED_AVAILABILITY = YES_AGGRESSIVE;
				CLANG_WARN_UNREACHABLE_CODE = YES;
				CLANG_WARN__DUPLICATE_METHOD_MATCH = YES;
				COPY_PHASE_STRIP = NO;
				DEBUG_INFORMATION_FORMAT = dwarf;
				ENABLE_STRICT_OBJC_MSGSEND = YES;
				ENABLE_TESTABILITY = YES;
				GCC_C_LANGUAGE_STANDARD = gnu11;
				GCC_DYNAMIC_NO_PIC = NO;
				GCC_NO_COMMON_BLOCKS = YES;
				GCC_OPTIMIZATION_LEVEL = 0;
				GCC_PREPROCESSOR_DEFINITIONS = (
					"DEBUG=1",
					"$(inherited)",
				);
				GCC_WARN_64_TO_32_BIT_CONVERSION = YES;
				GCC_WARN_ABOUT_RETURN_TYPE = YES_ERROR;
				GCC_WARN_UNDECLARED_SELECTOR = YES;
				GCC_WARN_UNINITIALIZED_AUTOS = YES_AGGRESSIVE;
				GCC_WARN_UNUSED_FUNCTION = YES;
				GCC_WARN_UNUSED_VARIABLE = YES;
				IPHONEOS_DEPLOYMENT_TARGET = 13.0;
				MTL_ENABLE_DEBUG_INFO = INCLUDE_SOURCE;
				MTL_FAST_MATH = YES;
				ONLY_ACTIVE_ARCH = YES;
				SDKROOT = iphoneos;
				SWIFT_ACTIVE_COMPILATION_CONDITIONS = DEBUG;
				SWIFT_OPTIMIZATION_LEVEL = "-Onone";
			};
			name = Debug;
		};
		8AFF617029796D4000AC7D1E /* Release */ = {
			isa = XCBuildConfiguration;
			buildSettings = {
				ALWAYS_SEARCH_USER_PATHS = NO;
				CLANG_ANALYZER_NONNULL = YES;
				CLANG_ANALYZER_NUMBER_OBJECT_CONVERSION = YES_AGGRESSIVE;
				CLANG_CXX_LANGUAGE_STANDARD = "gnu++20";
				CLANG_ENABLE_MODULES = YES;
				CLANG_ENABLE_OBJC_ARC = YES;
				CLANG_ENABLE_OBJC_WEAK = YES;
				CLANG_WARN_BLOCK_CAPTURE_AUTORELEASING = YES;
				CLANG_WARN_BOOL_CONVERSION = YES;
				CLANG_WARN_COMMA = YES;
				CLANG_WARN_CONSTANT_CONVERSION = YES;
				CLANG_WARN_DEPRECATED_OBJC_IMPLEMENTATIONS = YES;
				CLANG_WARN_DIRECT_OBJC_ISA_USAGE = YES_ERROR;
				CLANG_WARN_DOCUMENTATION_COMMENTS = YES;
				CLANG_WARN_EMPTY_BODY = YES;
				CLANG_WARN_ENUM_CONVERSION = YES;
				CLANG_WARN_INFINITE_RECURSION = YES;
				CLANG_WARN_INT_CONVERSION = YES;
				CLANG_WARN_NON_LITERAL_NULL_CONVERSION = YES;
				CLANG_WARN_OBJC_IMPLICIT_RETAIN_SELF = YES;
				CLANG_WARN_OBJC_LITERAL_CONVERSION = YES;
				CLANG_WARN_OBJC_ROOT_CLASS = YES_ERROR;
				CLANG_WARN_QUOTED_INCLUDE_IN_FRAMEWORK_HEADER = YES;
				CLANG_WARN_RANGE_LOOP_ANALYSIS = YES;
				CLANG_WARN_STRICT_PROTOTYPES = YES;
				CLANG_WARN_SUSPICIOUS_MOVE = YES;
				CLANG_WARN_UNGUARDED_AVAILABILITY = YES_AGGRESSIVE;
				CLANG_WARN_UNREACHABLE_CODE = YES;
				CLANG_WARN__DUPLICATE_METHOD_MATCH = YES;
				COPY_PHASE_STRIP = NO;
				DEBUG_INFORMATION_FORMAT = "dwarf-with-dsym";
				ENABLE_NS_ASSERTIONS = NO;
				ENABLE_STRICT_OBJC_MSGSEND = YES;
				GCC_C_LANGUAGE_STANDARD = gnu11;
				GCC_NO_COMMON_BLOCKS = YES;
				GCC_WARN_64_TO_32_BIT_CONVERSION = YES;
				GCC_WARN_ABOUT_RETURN_TYPE = YES_ERROR;
				GCC_WARN_UNDECLARED_SELECTOR = YES;
				GCC_WARN_UNINITIALIZED_AUTOS = YES_AGGRESSIVE;
				GCC_WARN_UNUSED_FUNCTION = YES;
				GCC_WARN_UNUSED_VARIABLE = YES;
				IPHONEOS_DEPLOYMENT_TARGET = 13.0;
				MTL_ENABLE_DEBUG_INFO = NO;
				MTL_FAST_MATH = YES;
				SDKROOT = iphoneos;
				SWIFT_COMPILATION_MODE = wholemodule;
				SWIFT_OPTIMIZATION_LEVEL = "-O";
				VALIDATE_PRODUCT = YES;
			};
			name = Release;
		};
		8AFF617229796D4000AC7D1E /* Debug */ = {
			isa = XCBuildConfiguration;
			buildSettings = {
				ASSETCATALOG_COMPILER_APPICON_NAME = AppIcon;
				ASSETCATALOG_COMPILER_GLOBAL_ACCENT_COLOR_NAME = AccentColor;
				CODE_SIGN_STYLE = Automatic;
				CURRENT_PROJECT_VERSION = 1;
				DEVELOPMENT_TEAM = YS4L7AMD5B;
				GENERATE_INFOPLIST_FILE = YES;
				INFOPLIST_FILE = ImageFeed/Info.plist;
				INFOPLIST_KEY_UIApplicationSupportsIndirectInputEvents = YES;
				INFOPLIST_KEY_UILaunchStoryboardName = LaunchScreen;
				INFOPLIST_KEY_UIMainStoryboardFile = Main;
				INFOPLIST_KEY_UISupportedInterfaceOrientations = UIInterfaceOrientationPortrait;
				INFOPLIST_KEY_UISupportedInterfaceOrientations_iPhone = UIInterfaceOrientationPortrait;
				IPHONEOS_DEPLOYMENT_TARGET = 13.0;
				LD_RUNPATH_SEARCH_PATHS = (
					"$(inherited)",
					"@executable_path/Frameworks",
				);
				MARKETING_VERSION = 1.0;
				PRODUCT_BUNDLE_IDENTIFIER = ru.artemadiev.ImageFeed;
				PRODUCT_NAME = "$(TARGET_NAME)";
				SUPPORTED_PLATFORMS = "iphoneos iphonesimulator";
				SUPPORTS_MACCATALYST = NO;
				SUPPORTS_MAC_DESIGNED_FOR_IPHONE_IPAD = NO;
				SWIFT_EMIT_LOC_STRINGS = YES;
				SWIFT_VERSION = 5.0;
				TARGETED_DEVICE_FAMILY = 1;
			};
			name = Debug;
		};
		8AFF617329796D4000AC7D1E /* Release */ = {
			isa = XCBuildConfiguration;
			buildSettings = {
				ASSETCATALOG_COMPILER_APPICON_NAME = AppIcon;
				ASSETCATALOG_COMPILER_GLOBAL_ACCENT_COLOR_NAME = AccentColor;
				CODE_SIGN_STYLE = Automatic;
				CURRENT_PROJECT_VERSION = 1;
				DEVELOPMENT_TEAM = YS4L7AMD5B;
				GENERATE_INFOPLIST_FILE = YES;
				INFOPLIST_FILE = ImageFeed/Info.plist;
				INFOPLIST_KEY_UIApplicationSupportsIndirectInputEvents = YES;
				INFOPLIST_KEY_UILaunchStoryboardName = LaunchScreen;
				INFOPLIST_KEY_UIMainStoryboardFile = Main;
				INFOPLIST_KEY_UISupportedInterfaceOrientations = UIInterfaceOrientationPortrait;
				INFOPLIST_KEY_UISupportedInterfaceOrientations_iPhone = UIInterfaceOrientationPortrait;
				IPHONEOS_DEPLOYMENT_TARGET = 13.0;
				LD_RUNPATH_SEARCH_PATHS = (
					"$(inherited)",
					"@executable_path/Frameworks",
				);
				MARKETING_VERSION = 1.0;
				PRODUCT_BUNDLE_IDENTIFIER = ru.artemadiev.ImageFeed;
				PRODUCT_NAME = "$(TARGET_NAME)";
				SUPPORTED_PLATFORMS = "iphoneos iphonesimulator";
				SUPPORTS_MACCATALYST = NO;
				SUPPORTS_MAC_DESIGNED_FOR_IPHONE_IPAD = NO;
				SWIFT_EMIT_LOC_STRINGS = YES;
				SWIFT_VERSION = 5.0;
				TARGETED_DEVICE_FAMILY = 1;
			};
			name = Release;
		};
/* End XCBuildConfiguration section */

/* Begin XCConfigurationList section */
		8A25387229DF2976002E6E44 /* Build configuration list for PBXNativeTarget "ImageFeedTests" */ = {
			isa = XCConfigurationList;
			buildConfigurations = (
				8A25387329DF2976002E6E44 /* Debug */,
				8A25387429DF2976002E6E44 /* Release */,
			);
			defaultConfigurationIsVisible = 0;
			defaultConfigurationName = Release;
		};
		8AFF615829796D3F00AC7D1E /* Build configuration list for PBXProject "ImageFeed" */ = {
			isa = XCConfigurationList;
			buildConfigurations = (
				8AFF616F29796D4000AC7D1E /* Debug */,
				8AFF617029796D4000AC7D1E /* Release */,
			);
			defaultConfigurationIsVisible = 0;
			defaultConfigurationName = Release;
		};
		8AFF617129796D4000AC7D1E /* Build configuration list for PBXNativeTarget "ImageFeed" */ = {
			isa = XCConfigurationList;
			buildConfigurations = (
				8AFF617229796D4000AC7D1E /* Debug */,
				8AFF617329796D4000AC7D1E /* Release */,
			);
			defaultConfigurationIsVisible = 0;
			defaultConfigurationName = Release;
		};
/* End XCConfigurationList section */

/* Begin XCRemoteSwiftPackageReference section */
		8A10D64429D85CB3006F7941 /* XCRemoteSwiftPackageReference "SwiftKeychainWrapper" */ = {
			isa = XCRemoteSwiftPackageReference;
			repositoryURL = "https://github.com/jrendel/SwiftKeychainWrapper";
			requirement = {
				kind = exactVersion;
				version = 4.0.1;
			};
		};
		8A1DC43029BBACCC00F11229 /* XCRemoteSwiftPackageReference "ProgressHUD" */ = {
			isa = XCRemoteSwiftPackageReference;
			repositoryURL = "https://github.com/relatedcode/ProgressHUD";
			requirement = {
				kind = exactVersion;
				version = 13.6.2;
			};
		};
		8AABA78329D4A9F8000EC8D1 /* XCRemoteSwiftPackageReference "Kingfisher" */ = {
			isa = XCRemoteSwiftPackageReference;
			repositoryURL = "https://github.com/onevcat/Kingfisher";
			requirement = {
				kind = exactVersion;
				version = 7.6.2;
			};
		};
/* End XCRemoteSwiftPackageReference section */

/* Begin XCSwiftPackageProductDependency section */
		8A10D64529D85CB3006F7941 /* SwiftKeychainWrapper */ = {
			isa = XCSwiftPackageProductDependency;
			package = 8A10D64429D85CB3006F7941 /* XCRemoteSwiftPackageReference "SwiftKeychainWrapper" */;
			productName = SwiftKeychainWrapper;
		};
		8A1DC43129BBACCC00F11229 /* ProgressHUD */ = {
			isa = XCSwiftPackageProductDependency;
			package = 8A1DC43029BBACCC00F11229 /* XCRemoteSwiftPackageReference "ProgressHUD" */;
			productName = ProgressHUD;
		};
		8AABA78429D4A9F8000EC8D1 /* Kingfisher */ = {
			isa = XCSwiftPackageProductDependency;
			package = 8AABA78329D4A9F8000EC8D1 /* XCRemoteSwiftPackageReference "Kingfisher" */;
			productName = Kingfisher;
		};
/* End XCSwiftPackageProductDependency section */
	};
	rootObject = 8AFF615529796D3F00AC7D1E /* Project object */;
}
